
Microsoft Visual Studio Solution File, Format Version 12.00
# Visual Studio 15
VisualStudioVersion = 15.0.26228.12
MinimumVisualStudioVersion = 10.0.40219.1
Project("{2150E333-8FDC-42A3-9474-1A3956D46DE8}") = "src", "src", "{691F2414-A5D4-453D-BD9F-987A4D068727}"
EndProject
Project("{2150E333-8FDC-42A3-9474-1A3956D46DE8}") = "Solution Items", "Solution Items", "{CD530A00-793D-4E08-9ADD-9A75ADFA6592}"
EndProject
Project("{9A19103F-16F7-4668-BE54-9A1E7A4F7556}") = "FlexMapper.UnitTests", "src\FlexMapper.UnitTests\FlexMapper.UnitTests.csproj", "{A8608D36-0AEA-4341-B5CE-8E25ADBA262C}"
EndProject
Project("{FAE04EC0-301F-11D3-BF4B-00C04F79EFBC}") = "FlexMapper", "src\FlexMapper\FlexMapper.csproj", "{499CDD4A-2326-4C6E-A111-BB30960E8B32}"
EndProject
Global
	GlobalSection(SolutionConfigurationPlatforms) = preSolution
		Debug|Any CPU = Debug|Any CPU
		Release|Any CPU = Release|Any CPU
	EndGlobalSection
	GlobalSection(ProjectConfigurationPlatforms) = postSolution
		{A8608D36-0AEA-4341-B5CE-8E25ADBA262C}.Debug|Any CPU.ActiveCfg = Debug|Any CPU
		{A8608D36-0AEA-4341-B5CE-8E25ADBA262C}.Debug|Any CPU.Build.0 = Debug|Any CPU
		{A8608D36-0AEA-4341-B5CE-8E25ADBA262C}.Release|Any CPU.ActiveCfg = Release|Any CPU
		{A8608D36-0AEA-4341-B5CE-8E25ADBA262C}.Release|Any CPU.Build.0 = Release|Any CPU
		{499CDD4A-2326-4C6E-A111-BB30960E8B32}.Debug|Any CPU.ActiveCfg = Debug|Any CPU
		{499CDD4A-2326-4C6E-A111-BB30960E8B32}.Debug|Any CPU.Build.0 = Debug|Any CPU
		{499CDD4A-2326-4C6E-A111-BB30960E8B32}.Release|Any CPU.ActiveCfg = Release|Any CPU
		{499CDD4A-2326-4C6E-A111-BB30960E8B32}.Release|Any CPU.Build.0 = Release|Any CPU
	EndGlobalSection
	GlobalSection(SolutionProperties) = preSolution
		HideSolutionNode = FALSE
	EndGlobalSection
	GlobalSection(NestedProjects) = preSolution
		{A8608D36-0AEA-4341-B5CE-8E25ADBA262C} = {691F2414-A5D4-453D-BD9F-987A4D068727}
		{499CDD4A-2326-4C6E-A111-BB30960E8B32} = {691F2414-A5D4-453D-BD9F-987A4D068727}
	EndGlobalSection
EndGlobal
